
Microsoft Visual Studio Solution File, Format Version 12.00
# Visual Studio Version 17
VisualStudioVersion = 17.9.34728.123
MinimumVisualStudioVersion = 10.0.40219.1
Project("{8BC9CEB8-8B4A-11D0-8D11-00A0C91BC942}") = "PetShelter", "PetShelter.vcxproj", "{A0041A69-E072-476F-BF80-CEE1D56997CC}"
EndProject
Global
	GlobalSection(SolutionConfigurationPlatforms) = preSolution
		Debug|x64 = Debug|x64
		Debug|x86 = Debug|x86
		Release|x64 = Release|x64
		Release|x86 = Release|x86
	EndGlobalSection
	GlobalSection(ProjectConfigurationPlatforms) = postSolution
		{A0041A69-E072-476F-BF80-CEE1D56997CC}.Debug|x64.ActiveCfg = Debug|x64
		{A0041A69-E072-476F-BF80-CEE1D56997CC}.Debug|x64.Build.0 = Debug|x64
		{A0041A69-E072-476F-BF80-CEE1D56997CC}.Debug|x86.ActiveCfg = Debug|Win32
		{A0041A69-E072-476F-BF80-CEE1D56997CC}.Debug|x86.Build.0 = Debug|Win32
		{A0041A69-E072-476F-BF80-CEE1D56997CC}.Release|x64.ActiveCfg = Release|x64
		{A0041A69-E072-476F-BF80-CEE1D56997CC}.Release|x64.Build.0 = Release|x64
		{A0041A69-E072-476F-BF80-CEE1D56997CC}.Release|x86.ActiveCfg = Release|Win32
		{A0041A69-E072-476F-BF80-CEE1D56997CC}.Release|x86.Build.0 = Release|Win32
	EndGlobalSection
	GlobalSection(SolutionProperties) = preSolution
		HideSolutionNode = FALSE
	EndGlobalSection
	GlobalSection(ExtensibilityGlobals) = postSolution
		SolutionGuid = {8B1D514E-36F3-42E4-AF5F-505340AA8A6F}
	EndGlobalSection
EndGlobal
